
Microsoft Visual Studio Solution File, Format Version 12.00
Project("{2150E333-8FDC-42A3-9474-1A3956D46DE8}") = "BackEnd", "BackEnd", "{5C6C99AD-A768-4C7C-991E-7D12E3F879E2}"
EndProject
Project("{FAE04EC0-301F-11D3-BF4B-00C04F79EFBC}") = "TemperoDaVovo.API", "src\BackEnd\TemperoDaVovo.API\TemperoDaVovo.API.csproj", "{86C4D5F6-2A86-4674-B474-C42DCC4A0FBC}"
EndProject
Project("{FAE04EC0-301F-11D3-BF4B-00C04F79EFBC}") = "TemperoDaVovo.Application", "src\BackEnd\TemperoDaVovo.Application\TemperoDaVovo.Application.csproj", "{9003F196-CF40-4E21-B34D-15409360C904}"
EndProject
Project("{FAE04EC0-301F-11D3-BF4B-00C04F79EFBC}") = "TemperoDaVovo.Domain", "src\BackEnd\TemperoDaVovo.Domain\TemperoDaVovo.Domain.csproj", "{E2544590-604E-4FB2-AD4C-27382B856301}"
EndProject
Project("{FAE04EC0-301F-11D3-BF4B-00C04F79EFBC}") = "TemperoDaVovo.Infrastructure", "src\BackEnd\TemperoDaVovo.Infrastructure\TemperoDaVovo.Infrastructure.csproj", "{229D3380-50A5-436C-89AF-1EE8F549A2C0}"
EndProject
Project("{2150E333-8FDC-42A3-9474-1A3956D46DE8}") = "src", "src", "{A054996E-E510-4B03-BBE7-0B115BECEB86}"
EndProject
Project("{2150E333-8FDC-42A3-9474-1A3956D46DE8}") = "tests", "tests", "{2CEC48AD-155D-4F6D-9321-A2CD337EF8A3}"
EndProject
Project("{2150E333-8FDC-42A3-9474-1A3956D46DE8}") = "Shared", "Shared", "{1188CCB0-DDD7-4D33-B010-01C208DEE541}"
EndProject
Project("{FAE04EC0-301F-11D3-BF4B-00C04F79EFBC}") = "TemperoDaVovo.Communications", "src\Shared\TemperoDaVovo.Communications\TemperoDaVovo.Communications.csproj", "{AC8DAD55-3DBC-4A7C-9ABE-22D528D9F4B5}"
EndProject
Project("{FAE04EC0-301F-11D3-BF4B-00C04F79EFBC}") = "TemperoDaVovo.Exceptions", "src\Shared\TemperoDaVovo.Exceptions\TemperoDaVovo.Exceptions.csproj", "{55FE871C-7F24-4C0B-9141-91C21935CB97}"
EndProject
Global
	GlobalSection(SolutionConfigurationPlatforms) = preSolution
		Debug|Any CPU = Debug|Any CPU
		Release|Any CPU = Release|Any CPU
	EndGlobalSection
	GlobalSection(NestedProjects) = preSolution
		{86C4D5F6-2A86-4674-B474-C42DCC4A0FBC} = {5C6C99AD-A768-4C7C-991E-7D12E3F879E2}
		{9003F196-CF40-4E21-B34D-15409360C904} = {5C6C99AD-A768-4C7C-991E-7D12E3F879E2}
		{E2544590-604E-4FB2-AD4C-27382B856301} = {5C6C99AD-A768-4C7C-991E-7D12E3F879E2}
		{229D3380-50A5-436C-89AF-1EE8F549A2C0} = {5C6C99AD-A768-4C7C-991E-7D12E3F879E2}
		{5C6C99AD-A768-4C7C-991E-7D12E3F879E2} = {A054996E-E510-4B03-BBE7-0B115BECEB86}
		{1188CCB0-DDD7-4D33-B010-01C208DEE541} = {A054996E-E510-4B03-BBE7-0B115BECEB86}
		{AC8DAD55-3DBC-4A7C-9ABE-22D528D9F4B5} = {1188CCB0-DDD7-4D33-B010-01C208DEE541}
		{55FE871C-7F24-4C0B-9141-91C21935CB97} = {1188CCB0-DDD7-4D33-B010-01C208DEE541}
	EndGlobalSection
	GlobalSection(ProjectConfigurationPlatforms) = postSolution
		{86C4D5F6-2A86-4674-B474-C42DCC4A0FBC}.Debug|Any CPU.ActiveCfg = Debug|Any CPU
		{86C4D5F6-2A86-4674-B474-C42DCC4A0FBC}.Debug|Any CPU.Build.0 = Debug|Any CPU
		{86C4D5F6-2A86-4674-B474-C42DCC4A0FBC}.Release|Any CPU.ActiveCfg = Release|Any CPU
		{86C4D5F6-2A86-4674-B474-C42DCC4A0FBC}.Release|Any CPU.Build.0 = Release|Any CPU
		{9003F196-CF40-4E21-B34D-15409360C904}.Debug|Any CPU.ActiveCfg = Debug|Any CPU
		{9003F196-CF40-4E21-B34D-15409360C904}.Debug|Any CPU.Build.0 = Debug|Any CPU
		{9003F196-CF40-4E21-B34D-15409360C904}.Release|Any CPU.ActiveCfg = Release|Any CPU
		{9003F196-CF40-4E21-B34D-15409360C904}.Release|Any CPU.Build.0 = Release|Any CPU
		{E2544590-604E-4FB2-AD4C-27382B856301}.Debug|Any CPU.ActiveCfg = Debug|Any CPU
		{E2544590-604E-4FB2-AD4C-27382B856301}.Debug|Any CPU.Build.0 = Debug|Any CPU
		{E2544590-604E-4FB2-AD4C-27382B856301}.Release|Any CPU.ActiveCfg = Release|Any CPU
		{E2544590-604E-4FB2-AD4C-27382B856301}.Release|Any CPU.Build.0 = Release|Any CPU
		{229D3380-50A5-436C-89AF-1EE8F549A2C0}.Debug|Any CPU.ActiveCfg = Debug|Any CPU
		{229D3380-50A5-436C-89AF-1EE8F549A2C0}.Debug|Any CPU.Build.0 = Debug|Any CPU
		{229D3380-50A5-436C-89AF-1EE8F549A2C0}.Release|Any CPU.ActiveCfg = Release|Any CPU
		{229D3380-50A5-436C-89AF-1EE8F549A2C0}.Release|Any CPU.Build.0 = Release|Any CPU
		{AC8DAD55-3DBC-4A7C-9ABE-22D528D9F4B5}.Debug|Any CPU.ActiveCfg = Debug|Any CPU
		{AC8DAD55-3DBC-4A7C-9ABE-22D528D9F4B5}.Debug|Any CPU.Build.0 = Debug|Any CPU
		{AC8DAD55-3DBC-4A7C-9ABE-22D528D9F4B5}.Release|Any CPU.ActiveCfg = Release|Any CPU
		{AC8DAD55-3DBC-4A7C-9ABE-22D528D9F4B5}.Release|Any CPU.Build.0 = Release|Any CPU
		{55FE871C-7F24-4C0B-9141-91C21935CB97}.Debug|Any CPU.ActiveCfg = Debug|Any CPU
		{55FE871C-7F24-4C0B-9141-91C21935CB97}.Debug|Any CPU.Build.0 = Debug|Any CPU
		{55FE871C-7F24-4C0B-9141-91C21935CB97}.Release|Any CPU.ActiveCfg = Release|Any CPU
		{55FE871C-7F24-4C0B-9141-91C21935CB97}.Release|Any CPU.Build.0 = Release|Any CPU
	EndGlobalSection
EndGlobal
